
Microsoft Visual Studio Solution File, Format Version 12.00
# Visual Studio Version 17
VisualStudioVersion = 17.4.33205.214
MinimumVisualStudioVersion = 10.0.40219.1
Project("{FAE04EC0-301F-11D3-BF4B-00C04F79EFBC}") = "NoName.Business", "NoName.Business\NoName.Business.csproj", "{F80066DC-1D62-46E5-BEB9-2FFE135DD4D3}"
EndProject
Project("{FAE04EC0-301F-11D3-BF4B-00C04F79EFBC}") = "NoName.Data", "NoName.Data\NoName.Data.csproj", "{A50E79F1-B249-47A6-83A6-90981B0B802C}"
EndProject
Project("{FAE04EC0-301F-11D3-BF4B-00C04F79EFBC}") = "NoName.WebUI", "NoName.WebUI\NoName.WebUI.csproj", "{9E0B9408-4E0F-4846-B13E-17E79A8F42B9}"
EndProject
Global
	GlobalSection(SolutionConfigurationPlatforms) = preSolution
		Debug|Any CPU = Debug|Any CPU
		Release|Any CPU = Release|Any CPU
	EndGlobalSection
	GlobalSection(ProjectConfigurationPlatforms) = postSolution
		{F80066DC-1D62-46E5-BEB9-2FFE135DD4D3}.Debug|Any CPU.ActiveCfg = Debug|Any CPU
		{F80066DC-1D62-46E5-BEB9-2FFE135DD4D3}.Debug|Any CPU.Build.0 = Debug|Any CPU
		{F80066DC-1D62-46E5-BEB9-2FFE135DD4D3}.Release|Any CPU.ActiveCfg = Release|Any CPU
		{F80066DC-1D62-46E5-BEB9-2FFE135DD4D3}.Release|Any CPU.Build.0 = Release|Any CPU
		{A50E79F1-B249-47A6-83A6-90981B0B802C}.Debug|Any CPU.ActiveCfg = Debug|Any CPU
		{A50E79F1-B249-47A6-83A6-90981B0B802C}.Debug|Any CPU.Build.0 = Debug|Any CPU
		{A50E79F1-B249-47A6-83A6-90981B0B802C}.Release|Any CPU.ActiveCfg = Release|Any CPU
		{A50E79F1-B249-47A6-83A6-90981B0B802C}.Release|Any CPU.Build.0 = Release|Any CPU
		{9E0B9408-4E0F-4846-B13E-17E79A8F42B9}.Debug|Any CPU.ActiveCfg = Debug|Any CPU
		{9E0B9408-4E0F-4846-B13E-17E79A8F42B9}.Debug|Any CPU.Build.0 = Debug|Any CPU
		{9E0B9408-4E0F-4846-B13E-17E79A8F42B9}.Release|Any CPU.ActiveCfg = Release|Any CPU
		{9E0B9408-4E0F-4846-B13E-17E79A8F42B9}.Release|Any CPU.Build.0 = Release|Any CPU
	EndGlobalSection
	GlobalSection(SolutionProperties) = preSolution
		HideSolutionNode = FALSE
	EndGlobalSection
	GlobalSection(ExtensibilityGlobals) = postSolution
		SolutionGuid = {B1D030DB-9044-40CE-B2B5-A33CF1638272}
	EndGlobalSection
EndGlobal
